
Microsoft Visual Studio Solution File, Format Version 10.00
# Visual Studio 2008
Project("{8BC9CEB8-8B4A-11D0-8D11-00A0C91BC942}") = "positron_tls", "positron_tls\positron_tls.vcproj", "{453A39BE-9C95-40E8-99BF-9A3B04908FE4}"
EndProject
Project("{8BC9CEB8-8B4A-11D0-8D11-00A0C91BC942}") = "positron_json", "positron_json\positron_json.vcproj", "{7AAAC227-9102-4214-A088-1D4A3D261D53}"
EndProject
Project("{8BC9CEB8-8B4A-11D0-8D11-00A0C91BC942}") = "positron_core", "positron_core\positron_core.vcproj", "{586A59ED-5203-4AAD-BACF-B6EA12B738A9}"
	ProjectSection(ProjectDependencies) = postProject
		{3FA8C028-AE47-416C-9750-C91FDD8FCD26} = {3FA8C028-AE47-416C-9750-C91FDD8FCD26}
		{B6165D10-D95C-451B-94A2-281D1971097C} = {B6165D10-D95C-451B-94A2-281D1971097C}
		{7C3E9A20-5D41-4B8E-9F62-1A2B3C4D5E6F} = {7C3E9A20-5D41-4B8E-9F62-1A2B3C4D5E6F}
		{8D40B7C1-6E52-4F9A-A073-2B3C4D5E6F70} = {8D40B7C1-6E52-4F9A-A073-2B3C4D5E6F70}
		{C76D8E53-9FA4-40B1-D327-8E9F01234567} = {C76D8E53-9FA4-40B1-D327-8E9F01234567}
	EndProjectSection
EndProject
Project("{8BC9CEB8-8B4A-11D0-8D11-00A0C91BC942}") = "positron_http", "positron_http\positron_http.vcproj", "{77004AAA-DEF0-47A1-8C84-BAA7CEABFAE5}"
	ProjectSection(ProjectDependencies) = postProject
		{453A39BE-9C95-40E8-99BF-9A3B04908FE4} = {453A39BE-9C95-40E8-99BF-9A3B04908FE4}
	EndProjectSection
EndProject
Project("{8BC9CEB8-8B4A-11D0-8D11-00A0C91BC942}") = "test_host", "test_host\test_host.vcproj", "{9DF1016C-F4CF-44D1-B972-B98FF30D4DEB}"
	ProjectSection(ProjectDependencies) = postProject
		{586A59ED-5203-4AAD-BACF-B6EA12B738A9} = {586A59ED-5203-4AAD-BACF-B6EA12B738A9}
		{453A39BE-9C95-40E8-99BF-9A3B04908FE4} = {453A39BE-9C95-40E8-99BF-9A3B04908FE4}
		{7AAAC227-9102-4214-A088-1D4A3D261D53} = {7AAAC227-9102-4214-A088-1D4A3D261D53}
		{77004AAA-DEF0-47A1-8C84-BAA7CEABFAE5} = {77004AAA-DEF0-47A1-8C84-BAA7CEABFAE5}
		{3FA8C028-AE47-416C-9750-C91FDD8FCD26} = {3FA8C028-AE47-416C-9750-C91FDD8FCD26}
		{B6165D10-D95C-451B-94A2-281D1971097C} = {B6165D10-D95C-451B-94A2-281D1971097C}
		{7C3E9A20-5D41-4B8E-9F62-1A2B3C4D5E6F} = {7C3E9A20-5D41-4B8E-9F62-1A2B3C4D5E6F}
		{8D40B7C1-6E52-4F9A-A073-2B3C4D5E6F70} = {8D40B7C1-6E52-4F9A-A073-2B3C4D5E6F70}
		{C76D8E53-9FA4-40B1-D327-8E9F01234567} = {C76D8E53-9FA4-40B1-D327-8E9F01234567}
	EndProjectSection
EndProject
Project("{8BC9CEB8-8B4A-11D0-8D11-00A0C91BC942}") = "positron_netsurf", "positron_netsurf\positron_netsurf.vcproj", "{3FA8C028-AE47-416C-9750-C91FDD8FCD26}"
EndProject
Project("{8BC9CEB8-8B4A-11D0-8D11-00A0C91BC942}") = "positron_hubbub", "positron_hubbub\positron_hubbub.vcproj", "{B6165D10-D95C-451B-94A2-281D1971097C}"
	ProjectSection(ProjectDependencies) = postProject
		{3FA8C028-AE47-416C-9750-C91FDD8FCD26} = {3FA8C028-AE47-416C-9750-C91FDD8FCD26}
	EndProjectSection
EndProject
Project("{8BC9CEB8-8B4A-11D0-8D11-00A0C91BC942}") = "positron_libcss", "positron_libcss\positron_libcss.vcproj", "{7C3E9A20-5D41-4B8E-9F62-1A2B3C4D5E6F}"
EndProject
Project("{8BC9CEB8-8B4A-11D0-8D11-00A0C91BC942}") = "positron_libdom", "positron_libdom\positron_libdom.vcproj", "{8D40B7C1-6E52-4F9A-A073-2B3C4D5E6F70}"
	ProjectSection(ProjectDependencies) = postProject
		{B65C7D42-8E93-4FA0-C216-7D8E9F012345} = {B65C7D42-8E93-4FA0-C216-7D8E9F012345}
	EndProjectSection
EndProject
Project("{8BC9CEB8-8B4A-11D0-8D11-00A0C91BC942}") = "positron_libsvgtiny", "positron_libsvgtiny\positron_libsvgtiny.vcproj", "{A54B6C31-7D82-4E9F-B105-6C7D8E9F0123}"
EndProject
Project("{8BC9CEB8-8B4A-11D0-8D11-00A0C91BC942}") = "positron_expat", "positron_expat\positron_expat.vcproj", "{B65C7D42-8E93-4FA0-C216-7D8E9F012345}"
EndProject
Project("{8BC9CEB8-8B4A-11D0-8D11-00A0C91BC942}") = "positron_image", "positron_image\positron_image.vcproj", "{C76D8E53-9FA4-40B1-D327-8E9F01234567}"
	ProjectSection(ProjectDependencies) = postProject
		{A54B6C31-7D82-4E9F-B105-6C7D8E9F0123} = {A54B6C31-7D82-4E9F-B105-6C7D8E9F0123}
		{8D40B7C1-6E52-4F9A-A073-2B3C4D5E6F70} = {8D40B7C1-6E52-4F9A-A073-2B3C4D5E6F70}
		{B65C7D42-8E93-4FA0-C216-7D8E9F012345} = {B65C7D42-8E93-4FA0-C216-7D8E9F012345}
		{3FA8C028-AE47-416C-9750-C91FDD8FCD26} = {3FA8C028-AE47-416C-9750-C91FDD8FCD26}
	EndProjectSection
EndProject
Project("{8BC9CEB8-8B4A-11D0-8D11-00A0C91BC942}") = "positron_image_demo", "samples\positron_image_demo\positron_image_demo.vcproj", "{D87E9F64-A0B5-41C2-9A73-4E56F7890123}"
	ProjectSection(ProjectDependencies) = postProject
		{C76D8E53-9FA4-40B1-D327-8E9F01234567} = {C76D8E53-9FA4-40B1-D327-8E9F01234567}
	EndProjectSection
EndProject
Global
	GlobalSection(SolutionConfigurationPlatforms) = preSolution
		Debug|Windows Mobile 6 Professional SDK (ARMV4I) = Debug|Windows Mobile 6 Professional SDK (ARMV4I)
		Release|Windows Mobile 6 Professional SDK (ARMV4I) = Release|Windows Mobile 6 Professional SDK (ARMV4I)
	EndGlobalSection
	GlobalSection(ProjectConfigurationPlatforms) = postSolution
		{453A39BE-9C95-40E8-99BF-9A3B04908FE4}.Debug|Windows Mobile 6 Professional SDK (ARMV4I).ActiveCfg = Debug|Windows Mobile 6 Professional SDK (ARMV4I)
		{453A39BE-9C95-40E8-99BF-9A3B04908FE4}.Debug|Windows Mobile 6 Professional SDK (ARMV4I).Build.0 = Debug|Windows Mobile 6 Professional SDK (ARMV4I)
		{453A39BE-9C95-40E8-99BF-9A3B04908FE4}.Debug|Windows Mobile 6 Professional SDK (ARMV4I).Deploy.0 = Debug|Windows Mobile 6 Professional SDK (ARMV4I)
		{453A39BE-9C95-40E8-99BF-9A3B04908FE4}.Release|Windows Mobile 6 Professional SDK (ARMV4I).ActiveCfg = Release|Windows Mobile 6 Professional SDK (ARMV4I)
		{453A39BE-9C95-40E8-99BF-9A3B04908FE4}.Release|Windows Mobile 6 Professional SDK (ARMV4I).Build.0 = Release|Windows Mobile 6 Professional SDK (ARMV4I)
		{453A39BE-9C95-40E8-99BF-9A3B04908FE4}.Release|Windows Mobile 6 Professional SDK (ARMV4I).Deploy.0 = Release|Windows Mobile 6 Professional SDK (ARMV4I)
		{7AAAC227-9102-4214-A088-1D4A3D261D53}.Debug|Windows Mobile 6 Professional SDK (ARMV4I).ActiveCfg = Debug|Windows Mobile 6 Professional SDK (ARMV4I)
		{7AAAC227-9102-4214-A088-1D4A3D261D53}.Debug|Windows Mobile 6 Professional SDK (ARMV4I).Build.0 = Debug|Windows Mobile 6 Professional SDK (ARMV4I)
		{7AAAC227-9102-4214-A088-1D4A3D261D53}.Debug|Windows Mobile 6 Professional SDK (ARMV4I).Deploy.0 = Debug|Windows Mobile 6 Professional SDK (ARMV4I)
		{7AAAC227-9102-4214-A088-1D4A3D261D53}.Release|Windows Mobile 6 Professional SDK (ARMV4I).ActiveCfg = Release|Windows Mobile 6 Professional SDK (ARMV4I)
		{7AAAC227-9102-4214-A088-1D4A3D261D53}.Release|Windows Mobile 6 Professional SDK (ARMV4I).Build.0 = Release|Windows Mobile 6 Professional SDK (ARMV4I)
		{7AAAC227-9102-4214-A088-1D4A3D261D53}.Release|Windows Mobile 6 Professional SDK (ARMV4I).Deploy.0 = Release|Windows Mobile 6 Professional SDK (ARMV4I)
		{586A59ED-5203-4AAD-BACF-B6EA12B738A9}.Debug|Windows Mobile 6 Professional SDK (ARMV4I).ActiveCfg = Debug|Windows Mobile 6 Professional SDK (ARMV4I)
		{586A59ED-5203-4AAD-BACF-B6EA12B738A9}.Debug|Windows Mobile 6 Professional SDK (ARMV4I).Build.0 = Debug|Windows Mobile 6 Professional SDK (ARMV4I)
		{586A59ED-5203-4AAD-BACF-B6EA12B738A9}.Debug|Windows Mobile 6 Professional SDK (ARMV4I).Deploy.0 = Debug|Windows Mobile 6 Professional SDK (ARMV4I)
		{586A59ED-5203-4AAD-BACF-B6EA12B738A9}.Release|Windows Mobile 6 Professional SDK (ARMV4I).ActiveCfg = Release|Windows Mobile 6 Professional SDK (ARMV4I)
		{586A59ED-5203-4AAD-BACF-B6EA12B738A9}.Release|Windows Mobile 6 Professional SDK (ARMV4I).Build.0 = Release|Windows Mobile 6 Professional SDK (ARMV4I)
		{586A59ED-5203-4AAD-BACF-B6EA12B738A9}.Release|Windows Mobile 6 Professional SDK (ARMV4I).Deploy.0 = Release|Windows Mobile 6 Professional SDK (ARMV4I)
		{77004AAA-DEF0-47A1-8C84-BAA7CEABFAE5}.Debug|Windows Mobile 6 Professional SDK (ARMV4I).ActiveCfg = Debug|Windows Mobile 6 Professional SDK (ARMV4I)
		{77004AAA-DEF0-47A1-8C84-BAA7CEABFAE5}.Debug|Windows Mobile 6 Professional SDK (ARMV4I).Build.0 = Debug|Windows Mobile 6 Professional SDK (ARMV4I)
		{77004AAA-DEF0-47A1-8C84-BAA7CEABFAE5}.Debug|Windows Mobile 6 Professional SDK (ARMV4I).Deploy.0 = Debug|Windows Mobile 6 Professional SDK (ARMV4I)
		{77004AAA-DEF0-47A1-8C84-BAA7CEABFAE5}.Release|Windows Mobile 6 Professional SDK (ARMV4I).ActiveCfg = Release|Windows Mobile 6 Professional SDK (ARMV4I)
		{77004AAA-DEF0-47A1-8C84-BAA7CEABFAE5}.Release|Windows Mobile 6 Professional SDK (ARMV4I).Build.0 = Release|Windows Mobile 6 Professional SDK (ARMV4I)
		{77004AAA-DEF0-47A1-8C84-BAA7CEABFAE5}.Release|Windows Mobile 6 Professional SDK (ARMV4I).Deploy.0 = Release|Windows Mobile 6 Professional SDK (ARMV4I)
		{9DF1016C-F4CF-44D1-B972-B98FF30D4DEB}.Debug|Windows Mobile 6 Professional SDK (ARMV4I).ActiveCfg = Debug|Windows Mobile 6 Professional SDK (ARMV4I)
		{9DF1016C-F4CF-44D1-B972-B98FF30D4DEB}.Debug|Windows Mobile 6 Professional SDK (ARMV4I).Build.0 = Debug|Windows Mobile 6 Professional SDK (ARMV4I)
		{9DF1016C-F4CF-44D1-B972-B98FF30D4DEB}.Debug|Windows Mobile 6 Professional SDK (ARMV4I).Deploy.0 = Debug|Windows Mobile 6 Professional SDK (ARMV4I)
		{9DF1016C-F4CF-44D1-B972-B98FF30D4DEB}.Release|Windows Mobile 6 Professional SDK (ARMV4I).ActiveCfg = Release|Windows Mobile 6 Professional SDK (ARMV4I)
		{9DF1016C-F4CF-44D1-B972-B98FF30D4DEB}.Release|Windows Mobile 6 Professional SDK (ARMV4I).Build.0 = Release|Windows Mobile 6 Professional SDK (ARMV4I)
		{9DF1016C-F4CF-44D1-B972-B98FF30D4DEB}.Release|Windows Mobile 6 Professional SDK (ARMV4I).Deploy.0 = Release|Windows Mobile 6 Professional SDK (ARMV4I)
		{3FA8C028-AE47-416C-9750-C91FDD8FCD26}.Debug|Windows Mobile 6 Professional SDK (ARMV4I).ActiveCfg = Debug|Windows Mobile 6 Professional SDK (ARMV4I)
		{3FA8C028-AE47-416C-9750-C91FDD8FCD26}.Debug|Windows Mobile 6 Professional SDK (ARMV4I).Build.0 = Debug|Windows Mobile 6 Professional SDK (ARMV4I)
		{3FA8C028-AE47-416C-9750-C91FDD8FCD26}.Release|Windows Mobile 6 Professional SDK (ARMV4I).ActiveCfg = Release|Windows Mobile 6 Professional SDK (ARMV4I)
		{3FA8C028-AE47-416C-9750-C91FDD8FCD26}.Release|Windows Mobile 6 Professional SDK (ARMV4I).Build.0 = Release|Windows Mobile 6 Professional SDK (ARMV4I)
		{B6165D10-D95C-451B-94A2-281D1971097C}.Debug|Windows Mobile 6 Professional SDK (ARMV4I).ActiveCfg = Debug|Windows Mobile 6 Professional SDK (ARMV4I)
		{B6165D10-D95C-451B-94A2-281D1971097C}.Debug|Windows Mobile 6 Professional SDK (ARMV4I).Build.0 = Debug|Windows Mobile 6 Professional SDK (ARMV4I)
		{B6165D10-D95C-451B-94A2-281D1971097C}.Release|Windows Mobile 6 Professional SDK (ARMV4I).ActiveCfg = Release|Windows Mobile 6 Professional SDK (ARMV4I)
		{B6165D10-D95C-451B-94A2-281D1971097C}.Release|Windows Mobile 6 Professional SDK (ARMV4I).Build.0 = Release|Windows Mobile 6 Professional SDK (ARMV4I)
		{7C3E9A20-5D41-4B8E-9F62-1A2B3C4D5E6F}.Debug|Windows Mobile 6 Professional SDK (ARMV4I).ActiveCfg = Debug|Windows Mobile 6 Professional SDK (ARMV4I)
		{7C3E9A20-5D41-4B8E-9F62-1A2B3C4D5E6F}.Debug|Windows Mobile 6 Professional SDK (ARMV4I).Build.0 = Debug|Windows Mobile 6 Professional SDK (ARMV4I)
		{7C3E9A20-5D41-4B8E-9F62-1A2B3C4D5E6F}.Release|Windows Mobile 6 Professional SDK (ARMV4I).ActiveCfg = Release|Windows Mobile 6 Professional SDK (ARMV4I)
		{7C3E9A20-5D41-4B8E-9F62-1A2B3C4D5E6F}.Release|Windows Mobile 6 Professional SDK (ARMV4I).Build.0 = Release|Windows Mobile 6 Professional SDK (ARMV4I)
		{8D40B7C1-6E52-4F9A-A073-2B3C4D5E6F70}.Debug|Windows Mobile 6 Professional SDK (ARMV4I).ActiveCfg = Debug|Windows Mobile 6 Professional SDK (ARMV4I)
		{8D40B7C1-6E52-4F9A-A073-2B3C4D5E6F70}.Debug|Windows Mobile 6 Professional SDK (ARMV4I).Build.0 = Debug|Windows Mobile 6 Professional SDK (ARMV4I)
		{8D40B7C1-6E52-4F9A-A073-2B3C4D5E6F70}.Release|Windows Mobile 6 Professional SDK (ARMV4I).ActiveCfg = Release|Windows Mobile 6 Professional SDK (ARMV4I)
		{8D40B7C1-6E52-4F9A-A073-2B3C4D5E6F70}.Release|Windows Mobile 6 Professional SDK (ARMV4I).Build.0 = Release|Windows Mobile 6 Professional SDK (ARMV4I)
		{A54B6C31-7D82-4E9F-B105-6C7D8E9F0123}.Debug|Windows Mobile 6 Professional SDK (ARMV4I).ActiveCfg = Debug|Windows Mobile 6 Professional SDK (ARMV4I)
		{A54B6C31-7D82-4E9F-B105-6C7D8E9F0123}.Debug|Windows Mobile 6 Professional SDK (ARMV4I).Build.0 = Debug|Windows Mobile 6 Professional SDK (ARMV4I)
		{A54B6C31-7D82-4E9F-B105-6C7D8E9F0123}.Release|Windows Mobile 6 Professional SDK (ARMV4I).ActiveCfg = Release|Windows Mobile 6 Professional SDK (ARMV4I)
		{A54B6C31-7D82-4E9F-B105-6C7D8E9F0123}.Release|Windows Mobile 6 Professional SDK (ARMV4I).Build.0 = Release|Windows Mobile 6 Professional SDK (ARMV4I)
		{B65C7D42-8E93-4FA0-C216-7D8E9F012345}.Debug|Windows Mobile 6 Professional SDK (ARMV4I).ActiveCfg = Debug|Windows Mobile 6 Professional SDK (ARMV4I)
		{B65C7D42-8E93-4FA0-C216-7D8E9F012345}.Debug|Windows Mobile 6 Professional SDK (ARMV4I).Build.0 = Debug|Windows Mobile 6 Professional SDK (ARMV4I)
		{B65C7D42-8E93-4FA0-C216-7D8E9F012345}.Release|Windows Mobile 6 Professional SDK (ARMV4I).ActiveCfg = Release|Windows Mobile 6 Professional SDK (ARMV4I)
		{B65C7D42-8E93-4FA0-C216-7D8E9F012345}.Release|Windows Mobile 6 Professional SDK (ARMV4I).Build.0 = Release|Windows Mobile 6 Professional SDK (ARMV4I)
		{C76D8E53-9FA4-40B1-D327-8E9F01234567}.Debug|Windows Mobile 6 Professional SDK (ARMV4I).ActiveCfg = Debug|Windows Mobile 6 Professional SDK (ARMV4I)
		{C76D8E53-9FA4-40B1-D327-8E9F01234567}.Debug|Windows Mobile 6 Professional SDK (ARMV4I).Build.0 = Debug|Windows Mobile 6 Professional SDK (ARMV4I)
		{C76D8E53-9FA4-40B1-D327-8E9F01234567}.Debug|Windows Mobile 6 Professional SDK (ARMV4I).Deploy.0 = Debug|Windows Mobile 6 Professional SDK (ARMV4I)
		{C76D8E53-9FA4-40B1-D327-8E9F01234567}.Release|Windows Mobile 6 Professional SDK (ARMV4I).ActiveCfg = Release|Windows Mobile 6 Professional SDK (ARMV4I)
		{C76D8E53-9FA4-40B1-D327-8E9F01234567}.Release|Windows Mobile 6 Professional SDK (ARMV4I).Build.0 = Release|Windows Mobile 6 Professional SDK (ARMV4I)
		{C76D8E53-9FA4-40B1-D327-8E9F01234567}.Release|Windows Mobile 6 Professional SDK (ARMV4I).Deploy.0 = Release|Windows Mobile 6 Professional SDK (ARMV4I)
		{D87E9F64-A0B5-41C2-9A73-4E56F7890123}.Debug|Windows Mobile 6 Professional SDK (ARMV4I).ActiveCfg = Debug|Windows Mobile 6 Professional SDK (ARMV4I)
		{D87E9F64-A0B5-41C2-9A73-4E56F7890123}.Debug|Windows Mobile 6 Professional SDK (ARMV4I).Build.0 = Debug|Windows Mobile 6 Professional SDK (ARMV4I)
		{D87E9F64-A0B5-41C2-9A73-4E56F7890123}.Debug|Windows Mobile 6 Professional SDK (ARMV4I).Deploy.0 = Debug|Windows Mobile 6 Professional SDK (ARMV4I)
		{D87E9F64-A0B5-41C2-9A73-4E56F7890123}.Release|Windows Mobile 6 Professional SDK (ARMV4I).ActiveCfg = Release|Windows Mobile 6 Professional SDK (ARMV4I)
		{D87E9F64-A0B5-41C2-9A73-4E56F7890123}.Release|Windows Mobile 6 Professional SDK (ARMV4I).Build.0 = Release|Windows Mobile 6 Professional SDK (ARMV4I)
		{D87E9F64-A0B5-41C2-9A73-4E56F7890123}.Release|Windows Mobile 6 Professional SDK (ARMV4I).Deploy.0 = Release|Windows Mobile 6 Professional SDK (ARMV4I)
	EndGlobalSection
	GlobalSection(SolutionProperties) = preSolution
		HideSolutionNode = FALSE
	EndGlobalSection
EndGlobal
